{
  "name": "tessst",
  "version": "1.0.0",
  "lockfileVersion": 2,
  "requires": true,
  "packages": {
    "": {
      "name": "tessst",
      "version": "1.0.0",
      "license": "ISC",
      "dependencies": {
        "is-yunse": "file:../package",
        "npm-test": "file:../package"
      }
    },
    "../package": {
      "name": "is-yunse",
      "version": "1.0.0",
      "license": "ISC"
    },
    "node_modules/is-yunse": {
      "resolved": "../package",
      "link": true
    },
    "node_modules/npm-test": {
      "resolved": "../package",
      "link": true
    }
  },
  "dependencies": {
    "is-yunse": {
      "version": "file:../package"
    },
    "npm-test": {
      "version": "file:../package"
    }
  }
}
